
Microsoft Visual Studio Solution File, Format Version 12.00
# Visual Studio 14
VisualStudioVersion = 14.0.23107.0
MinimumVisualStudioVersion = 10.0.40219.1
Project("{8BC9CEB8-8B4A-11D0-8D11-00A0C91BC942}") = "SH_DXFY", "..\SH_DXFY\SH_DXFY.vcxproj", "{8E558244-0440-3D31-A446-D3B81600B0B2}"
EndProject
Project("{8BC9CEB8-8B4A-11D0-8D11-00A0C91BC942}") = "SH_NTXQH", "..\SH_NTXQH\SH_NTXQH.vcxproj", "{EC75310D-860F-30F9-8534-7CC9B72CE099}"
EndProject
Project("{8BC9CEB8-8B4A-11D0-8D11-00A0C91BC942}") = "SH_STYW", "..\SH_STYW\SH_STYW.vcxproj", "{252D9984-5466-3E64-8273-E5FDCF478ABC}"
EndProject
Project("{8BC9CEB8-8B4A-11D0-8D11-00A0C91BC942}") = "SH_TRSF_QY", "..\SH_TRSF_QY\SH_TRSF_QY.vcxproj", "{3F0FC96C-E849-3871-842D-FE262AA08C54}"
EndProject
Project("{8BC9CEB8-8B4A-11D0-8D11-00A0C91BC942}") = "SH_TRSF_SJD", "..\SH_TRSF_SJD\SH_TRSF_SJD.vcxproj", "{048AD67C-F633-3AF3-81A0-0E085D478460}"
EndProject
Project("{8BC9CEB8-8B4A-11D0-8D11-00A0C91BC942}") = "SH_TRSF_SQ", "..\SH_TRSF_SQ\SH_TRSF_SQ.vcxproj", "{B6C5F0DB-9BF3-3B0C-BADF-74CEB1A461EA}"
EndProject
Project("{8BC9CEB8-8B4A-11D0-8D11-00A0C91BC942}") = "SH_TRSF_SW", "..\SH_TRSF_SW\SH_TRSF_SW.vcxproj", "{BEB61CA9-D66E-3502-B458-02399DF829F3}"
EndProject
Project("{8BC9CEB8-8B4A-11D0-8D11-00A0C91BC942}") = "SH_ZB", "..\SH_ZB\SH_ZB.vcxproj", "{8127AA67-14B4-32BB-B66A-CB60F38FF8B7}"
EndProject
Project("{8BC9CEB8-8B4A-11D0-8D11-00A0C91BC942}") = "SH_NTXQH_SZ", "..\SH_NTXQH_SZ\SH_NTXQH_SZ.vcxproj", "{41630908-D56B-4E9A-8E56-21A0DBF261C0}"
EndProject
Global
	GlobalSection(SolutionConfigurationPlatforms) = preSolution
		Debug|x64 = Debug|x64
		Debug|x86 = Debug|x86
		Release|x64 = Release|x64
		Release|x86 = Release|x86
	EndGlobalSection
	GlobalSection(ProjectConfigurationPlatforms) = postSolution
		{8E558244-0440-3D31-A446-D3B81600B0B2}.Debug|x64.ActiveCfg = Debug|Win32
		{8E558244-0440-3D31-A446-D3B81600B0B2}.Debug|x86.ActiveCfg = Debug|Win32
		{8E558244-0440-3D31-A446-D3B81600B0B2}.Debug|x86.Build.0 = Debug|Win32
		{8E558244-0440-3D31-A446-D3B81600B0B2}.Release|x64.ActiveCfg = Release|Win32
		{8E558244-0440-3D31-A446-D3B81600B0B2}.Release|x86.ActiveCfg = Release|Win32
		{8E558244-0440-3D31-A446-D3B81600B0B2}.Release|x86.Build.0 = Release|Win32
		{EC75310D-860F-30F9-8534-7CC9B72CE099}.Debug|x64.ActiveCfg = Debug|x64
		{EC75310D-860F-30F9-8534-7CC9B72CE099}.Debug|x64.Build.0 = Debug|x64
		{EC75310D-860F-30F9-8534-7CC9B72CE099}.Debug|x86.ActiveCfg = Debug|Win32
		{EC75310D-860F-30F9-8534-7CC9B72CE099}.Debug|x86.Build.0 = Debug|Win32
		{EC75310D-860F-30F9-8534-7CC9B72CE099}.Release|x64.ActiveCfg = Release|x64
		{EC75310D-860F-30F9-8534-7CC9B72CE099}.Release|x64.Build.0 = Release|x64
		{EC75310D-860F-30F9-8534-7CC9B72CE099}.Release|x86.ActiveCfg = Release|Win32
		{EC75310D-860F-30F9-8534-7CC9B72CE099}.Release|x86.Build.0 = Release|Win32
		{252D9984-5466-3E64-8273-E5FDCF478ABC}.Debug|x64.ActiveCfg = Debug|Win32
		{252D9984-5466-3E64-8273-E5FDCF478ABC}.Debug|x86.ActiveCfg = Debug|Win32
		{252D9984-5466-3E64-8273-E5FDCF478ABC}.Debug|x86.Build.0 = Debug|Win32
		{252D9984-5466-3E64-8273-E5FDCF478ABC}.Release|x64.ActiveCfg = Release|Win32
		{252D9984-5466-3E64-8273-E5FDCF478ABC}.Release|x86.ActiveCfg = Release|Win32
		{252D9984-5466-3E64-8273-E5FDCF478ABC}.Release|x86.Build.0 = Release|Win32
		{3F0FC96C-E849-3871-842D-FE262AA08C54}.Debug|x64.ActiveCfg = Debug|Win32
		{3F0FC96C-E849-3871-842D-FE262AA08C54}.Debug|x86.ActiveCfg = Debug|Win32
		{3F0FC96C-E849-3871-842D-FE262AA08C54}.Debug|x86.Build.0 = Debug|Win32
		{3F0FC96C-E849-3871-842D-FE262AA08C54}.Release|x64.ActiveCfg = Release|Win32
		{3F0FC96C-E849-3871-842D-FE262AA08C54}.Release|x86.ActiveCfg = Release|Win32
		{3F0FC96C-E849-3871-842D-FE262AA08C54}.Release|x86.Build.0 = Release|Win32
		{048AD67C-F633-3AF3-81A0-0E085D478460}.Debug|x64.ActiveCfg = Debug|Win32
		{048AD67C-F633-3AF3-81A0-0E085D478460}.Debug|x86.ActiveCfg = Debug|Win32
		{048AD67C-F633-3AF3-81A0-0E085D478460}.Debug|x86.Build.0 = Debug|Win32
		{048AD67C-F633-3AF3-81A0-0E085D478460}.Release|x64.ActiveCfg = Release|Win32
		{048AD67C-F633-3AF3-81A0-0E085D478460}.Release|x86.ActiveCfg = Release|Win32
		{048AD67C-F633-3AF3-81A0-0E085D478460}.Release|x86.Build.0 = Release|Win32
		{B6C5F0DB-9BF3-3B0C-BADF-74CEB1A461EA}.Debug|x64.ActiveCfg = Debug|Win32
		{B6C5F0DB-9BF3-3B0C-BADF-74CEB1A461EA}.Debug|x86.ActiveCfg = Debug|Win32
		{B6C5F0DB-9BF3-3B0C-BADF-74CEB1A461EA}.Debug|x86.Build.0 = Debug|Win32
		{B6C5F0DB-9BF3-3B0C-BADF-74CEB1A461EA}.Release|x64.ActiveCfg = Release|Win32
		{B6C5F0DB-9BF3-3B0C-BADF-74CEB1A461EA}.Release|x86.ActiveCfg = Release|Win32
		{B6C5F0DB-9BF3-3B0C-BADF-74CEB1A461EA}.Release|x86.Build.0 = Release|Win32
		{BEB61CA9-D66E-3502-B458-02399DF829F3}.Debug|x64.ActiveCfg = Debug|Win32
		{BEB61CA9-D66E-3502-B458-02399DF829F3}.Debug|x86.ActiveCfg = Debug|Win32
		{BEB61CA9-D66E-3502-B458-02399DF829F3}.Debug|x86.Build.0 = Debug|Win32
		{BEB61CA9-D66E-3502-B458-02399DF829F3}.Release|x64.ActiveCfg = Release|Win32
		{BEB61CA9-D66E-3502-B458-02399DF829F3}.Release|x86.ActiveCfg = Release|Win32
		{BEB61CA9-D66E-3502-B458-02399DF829F3}.Release|x86.Build.0 = Release|Win32
		{8127AA67-14B4-32BB-B66A-CB60F38FF8B7}.Debug|x64.ActiveCfg = Debug|Win32
		{8127AA67-14B4-32BB-B66A-CB60F38FF8B7}.Debug|x86.ActiveCfg = Debug|Win32
		{8127AA67-14B4-32BB-B66A-CB60F38FF8B7}.Debug|x86.Build.0 = Debug|Win32
		{8127AA67-14B4-32BB-B66A-CB60F38FF8B7}.Release|x64.ActiveCfg = Release|Win32
		{8127AA67-14B4-32BB-B66A-CB60F38FF8B7}.Release|x86.ActiveCfg = Release|Win32
		{8127AA67-14B4-32BB-B66A-CB60F38FF8B7}.Release|x86.Build.0 = Release|Win32
		{41630908-D56B-4E9A-8E56-21A0DBF261C0}.Debug|x64.ActiveCfg = Debug|x64
		{41630908-D56B-4E9A-8E56-21A0DBF261C0}.Debug|x64.Build.0 = Debug|x64
		{41630908-D56B-4E9A-8E56-21A0DBF261C0}.Debug|x86.ActiveCfg = Debug|Win32
		{41630908-D56B-4E9A-8E56-21A0DBF261C0}.Debug|x86.Build.0 = Debug|Win32
		{41630908-D56B-4E9A-8E56-21A0DBF261C0}.Release|x64.ActiveCfg = Release|x64
		{41630908-D56B-4E9A-8E56-21A0DBF261C0}.Release|x64.Build.0 = Release|x64
		{41630908-D56B-4E9A-8E56-21A0DBF261C0}.Release|x86.ActiveCfg = Release|Win32
		{41630908-D56B-4E9A-8E56-21A0DBF261C0}.Release|x86.Build.0 = Release|Win32
	EndGlobalSection
	GlobalSection(SolutionProperties) = preSolution
		HideSolutionNode = FALSE
	EndGlobalSection
EndGlobal
